
Microsoft Visual Studio Solution File, Format Version 12.00
# Visual Studio Version 17
VisualStudioVersion = 17.1.32210.238
MinimumVisualStudioVersion = 10.0.40219.1
Project("{FAE04EC0-301F-11D3-BF4B-00C04F79EFBC}") = "ChattAppBlazorSignalR.Server", "ChattAppBlazorSignalR\Server\ChattAppBlazorSignalR.Server.csproj", "{9CE86F8A-FEA1-4779-9FCD-C158276FC262}"
EndProject
Project("{FAE04EC0-301F-11D3-BF4B-00C04F79EFBC}") = "ChattAppBlazorSignalR.Client", "ChattAppBlazorSignalR\Client\ChattAppBlazorSignalR.Client.csproj", "{F63F3A64-18FB-4BD9-AB67-94B0EBCC6E76}"
EndProject
Project("{FAE04EC0-301F-11D3-BF4B-00C04F79EFBC}") = "ChattAppBlazorSignalR.Shared", "ChattAppBlazorSignalR\Shared\ChattAppBlazorSignalR.Shared.csproj", "{C6D0ABB0-9FA1-478B-AF01-BCD722367C25}"
EndProject
Global
	GlobalSection(SolutionConfigurationPlatforms) = preSolution
		Debug|Any CPU = Debug|Any CPU
		Release|Any CPU = Release|Any CPU
	EndGlobalSection
	GlobalSection(ProjectConfigurationPlatforms) = postSolution
		{9CE86F8A-FEA1-4779-9FCD-C158276FC262}.Debug|Any CPU.ActiveCfg = Debug|Any CPU
		{9CE86F8A-FEA1-4779-9FCD-C158276FC262}.Debug|Any CPU.Build.0 = Debug|Any CPU
		{9CE86F8A-FEA1-4779-9FCD-C158276FC262}.Release|Any CPU.ActiveCfg = Release|Any CPU
		{9CE86F8A-FEA1-4779-9FCD-C158276FC262}.Release|Any CPU.Build.0 = Release|Any CPU
		{F63F3A64-18FB-4BD9-AB67-94B0EBCC6E76}.Debug|Any CPU.ActiveCfg = Debug|Any CPU
		{F63F3A64-18FB-4BD9-AB67-94B0EBCC6E76}.Debug|Any CPU.Build.0 = Debug|Any CPU
		{F63F3A64-18FB-4BD9-AB67-94B0EBCC6E76}.Release|Any CPU.ActiveCfg = Release|Any CPU
		{F63F3A64-18FB-4BD9-AB67-94B0EBCC6E76}.Release|Any CPU.Build.0 = Release|Any CPU
		{C6D0ABB0-9FA1-478B-AF01-BCD722367C25}.Debug|Any CPU.ActiveCfg = Debug|Any CPU
		{C6D0ABB0-9FA1-478B-AF01-BCD722367C25}.Debug|Any CPU.Build.0 = Debug|Any CPU
		{C6D0ABB0-9FA1-478B-AF01-BCD722367C25}.Release|Any CPU.ActiveCfg = Release|Any CPU
		{C6D0ABB0-9FA1-478B-AF01-BCD722367C25}.Release|Any CPU.Build.0 = Release|Any CPU
	EndGlobalSection
	GlobalSection(SolutionProperties) = preSolution
		HideSolutionNode = FALSE
	EndGlobalSection
	GlobalSection(ExtensibilityGlobals) = postSolution
		SolutionGuid = {46A22E1F-3441-4C00-A9B6-0791654D0672}
	EndGlobalSection
EndGlobal
